
Microsoft Visual Studio Solution File, Format Version 12.00
# Visual Studio 15
VisualStudioVersion = 15.0.28307.421
MinimumVisualStudioVersion = 10.0.40219.1
Project("{8BC9CEB8-8B4A-11D0-8D11-00A0C91BC942}") = "graphics_project", "graphics_project.vcxproj", "{F4F75F1A-3C02-4562-931C-A6F228540C72}"
EndProject
Global
	GlobalSection(SolutionConfigurationPlatforms) = preSolution
		Debug|x64 = Debug|x64
		Debug|x86 = Debug|x86
		Release|x64 = Release|x64
		Release|x86 = Release|x86
	EndGlobalSection
	GlobalSection(ProjectConfigurationPlatforms) = postSolution
		{F4F75F1A-3C02-4562-931C-A6F228540C72}.Debug|x64.ActiveCfg = Debug|x64
		{F4F75F1A-3C02-4562-931C-A6F228540C72}.Debug|x64.Build.0 = Debug|x64
		{F4F75F1A-3C02-4562-931C-A6F228540C72}.Debug|x86.ActiveCfg = Debug|Win32
		{F4F75F1A-3C02-4562-931C-A6F228540C72}.Debug|x86.Build.0 = Debug|Win32
		{F4F75F1A-3C02-4562-931C-A6F228540C72}.Release|x64.ActiveCfg = Release|x64
		{F4F75F1A-3C02-4562-931C-A6F228540C72}.Release|x64.Build.0 = Release|x64
		{F4F75F1A-3C02-4562-931C-A6F228540C72}.Release|x86.ActiveCfg = Release|Win32
		{F4F75F1A-3C02-4562-931C-A6F228540C72}.Release|x86.Build.0 = Release|Win32
	EndGlobalSection
	GlobalSection(SolutionProperties) = preSolution
		HideSolutionNode = FALSE
	EndGlobalSection
	GlobalSection(ExtensibilityGlobals) = postSolution
		SolutionGuid = {E87B3B50-A1F1-4826-8359-C41DD2B10890}
	EndGlobalSection
EndGlobal
